# This file is automatically @generated by Cargo.
# It is not intended for manual editing.
version = 4

[[package]]
name = "gitcomet-win32-window-utils"
version = "0.1.8"
dependencies = [
 "windows-link",
]

[[package]]
name = "windows-link"
version = "0.100.0"
source = "registry+https://github.com/rust-lang/crates.io-index"
checksum = "9b39de7c7fe78858b0144c50c3fc000bab3be17d5e9b85b1053871693c7f7415"
